{
  "name": "LanguageExchangeApp",
  "lockfileVersion": 3,
  "requires": true,
  "packages": {
    "": {
      "dependencies": {
        "country-list": "^2.3.0",
        "iso-639-1": "^3.1.5"
      },
      "devDependencies": {
        "@types/country-list": "^2.1.4"
      }
    },
    "node_modules/@types/country-list": {
      "version": "2.1.4",
      "resolved": "https://registry.npmjs.org/@types/country-list/-/country-list-2.1.4.tgz",
      "integrity": "sha512-c4orjm0wT+BRt6Ynf2/QRRL+iMX4SdLT11jAjKqkJ7mQr/DLOmdz7qR8i04j9Y7wFSoP70cXJc18FN4YGNgGaA==",
      "dev": true,
      "license": "MIT"
    },
    "node_modules/country-list": {
      "version": "2.3.0",
      "resolved": "https://registry.npmjs.org/country-list/-/country-list-2.3.0.tgz",
      "integrity": "sha512-qZk66RlmQm7fQjMYWku1AyjlKPogjPEorAZJG88owPExoPV8EsyCcuFLvO2afTXHEhi9liVOoyd+5A6ZS5QwaA==",
      "license": "MIT"
    },
    "node_modules/iso-639-1": {
      "version": "3.1.5",
      "resolved": "https://registry.npmjs.org/iso-639-1/-/iso-639-1-3.1.5.tgz",
      "integrity": "sha512-gXkz5+KN7HrG0Q5UGqSMO2qB9AsbEeyLP54kF1YrMsIxmu+g4BdB7rflReZTSTZGpfj8wywu6pfPBCylPIzGQA==",
      "license": "MIT",
      "engines": {
        "node": ">=6.0"
      }
    }
  }
}
